// !$*UTF8*$!
{
	archiveVersion = 1;
	classes = {
	};
	objectVersion = 50;
	objects = {

/* Begin PBXBuildFile section */
		D417C7C120A1E6A4000C1AE2 /* AppDelegate.swift in Sources */ = {isa = PBXBuildFile; fileRef = D417C7C020A1E6A4000C1AE2 /* AppDelegate.swift */; };
		D417C7C320A1E6A4000C1AE2 /* ViewController.swift in Sources */ = {isa = PBXBuildFile; fileRef = D417C7C220A1E6A4000C1AE2 /* ViewController.swift */; };
		D417C7C620A1E6A4000C1AE2 /* Main.storyboard in Resources */ = {isa = PBXBuildFile; fileRef = D417C7C420A1E6A4000C1AE2 /* Main.storyboard */; };
		D417C7C820A1E6A4000C1AE2 /* Assets.xcassets in Resources */ = {isa = PBXBuildFile; fileRef = D417C7C720A1E6A4000C1AE2 /* Assets.xcassets */; };
		D417C7CB20A1E6A4000C1AE2 /* LaunchScreen.storyboard in Resources */ = {isa = PBXBuildFile; fileRef = D417C7C920A1E6A4000C1AE2 /* LaunchScreen.storyboard */; };
		D417C7D620A1E6A5000C1AE2 /* TraceUIExampleUITests.swift in Sources */ = {isa = PBXBuildFile; fileRef = D417C7D520A1E6A5000C1AE2 /* TraceUIExampleUITests.swift */; };
		D417C7E520A1E7B2000C1AE2 /* Tracer.framework in Frameworks */ = {isa = PBXBuildFile; fileRef = D417C7E420A1E7B2000C1AE2 /* Tracer.framework */; };
		D417C7E620A1E7B2000C1AE2 /* Tracer.framework in Embed Frameworks */ = {isa = PBXBuildFile; fileRef = D417C7E420A1E7B2000C1AE2 /* Tracer.framework */; settings = {ATTRIBUTES = (CodeSignOnCopy, RemoveHeadersOnCopy, ); }; };
/* End PBXBuildFile section */

/* Begin PBXContainerItemProxy section */
		D417C7D220A1E6A5000C1AE2 /* PBXContainerItemProxy */ = {
			isa = PBXContainerItemProxy;
			containerPortal = D417C7B520A1E6A4000C1AE2 /* Project object */;
			proxyType = 1;
			remoteGlobalIDString = D417C7BC20A1E6A4000C1AE2;
			remoteInfo = TraceUIExample;
		};
/* End PBXContainerItemProxy section */

/* Begin PBXCopyFilesBuildPhase section */
		D417C7E720A1E7B2000C1AE2 /* Embed Frameworks */ = {
			isa = PBXCopyFilesBuildPhase;
			buildActionMask = 2147483647;
			dstPath = "";
			dstSubfolderSpec = 10;
			files = (
				D417C7E620A1E7B2000C1AE2 /* Tracer.framework in Embed Frameworks */,
			);
			name = "Embed Frameworks";
			runOnlyForDeploymentPostprocessing = 0;
		};
/* End PBXCopyFilesBuildPhase section */

/* Begin PBXFileReference section */
		D417C7BD20A1E6A4000C1AE2 /* TraceUIExample.app */ = {isa = PBXFileReference; explicitFileType = wrapper.application; includeInIndex = 0; path = TraceUIExample.app; sourceTree = BUILT_PRODUCTS_DIR; };
		D417C7C020A1E6A4000C1AE2 /* AppDelegate.swift */ = {isa = PBXFileReference; lastKnownFileType = sourcecode.swift; path = AppDelegate.swift; sourceTree = "<group>"; };
		D417C7C220A1E6A4000C1AE2 /* ViewController.swift */ = {isa = PBXFileReference; lastKnownFileType = sourcecode.swift; path = ViewController.swift; sourceTree = "<group>"; };
		D417C7C520A1E6A4000C1AE2 /* Base */ = {isa = PBXFileReference; lastKnownFileType = file.storyboard; name = Base; path = Base.lproj/Main.storyboard; sourceTree = "<group>"; };
		D417C7C720A1E6A4000C1AE2 /* Assets.xcassets */ = {isa = PBXFileReference; lastKnownFileType = folder.assetcatalog; path = Assets.xcassets; sourceTree = "<group>"; };
		D417C7CA20A1E6A4000C1AE2 /* Base */ = {isa = PBXFileReference; lastKnownFileType = file.storyboard; name = Base; path = Base.lproj/LaunchScreen.storyboard; sourceTree = "<group>"; };
		D417C7CC20A1E6A4000C1AE2 /* Info.plist */ = {isa = PBXFileReference; lastKnownFileType = text.plist.xml; path = Info.plist; sourceTree = "<group>"; };
		D417C7D120A1E6A5000C1AE2 /* TraceUIExampleUITests.xctest */ = {isa = PBXFileReference; explicitFileType = wrapper.cfbundle; includeInIndex = 0; path = TraceUIExampleUITests.xctest; sourceTree = BUILT_PRODUCTS_DIR; };
		D417C7D520A1E6A5000C1AE2 /* TraceUIExampleUITests.swift */ = {isa = PBXFileReference; lastKnownFileType = sourcecode.swift; path = TraceUIExampleUITests.swift; sourceTree = "<group>"; };
		D417C7D720A1E6A5000C1AE2 /* Info.plist */ = {isa = PBXFileReference; lastKnownFileType = text.plist.xml; path = Info.plist; sourceTree = "<group>"; };
		D417C7E420A1E7B2000C1AE2 /* Tracer.framework */ = {isa = PBXFileReference; explicitFileType = wrapper.framework; path = Tracer.framework; sourceTree = BUILT_PRODUCTS_DIR; };
/* End PBXFileReference section */

/* Begin PBXFrameworksBuildPhase section */
		D417C7BA20A1E6A4000C1AE2 /* Frameworks */ = {
			isa = PBXFrameworksBuildPhase;
			buildActionMask = 2147483647;
			files = (
				D417C7E520A1E7B2000C1AE2 /* Tracer.framework in Frameworks */,
			);
			runOnlyForDeploymentPostprocessing = 0;
		};
		D417C7CE20A1E6A5000C1AE2 /* Frameworks */ = {
			isa = PBXFrameworksBuildPhase;
			buildActionMask = 2147483647;
			files = (
			);
			runOnlyForDeploymentPostprocessing = 0;
		};
/* End PBXFrameworksBuildPhase section */

/* Begin PBXGroup section */
		D417C7B420A1E6A4000C1AE2 = {
			isa = PBXGroup;
			children = (
				D417C7E420A1E7B2000C1AE2 /* Tracer.framework */,
				D417C7BF20A1E6A4000C1AE2 /* TraceUIExample */,
				D417C7D420A1E6A5000C1AE2 /* TraceUIExampleUITests */,
				D417C7BE20A1E6A4000C1AE2 /* Products */,
			);
			sourceTree = "<group>";
		};
		D417C7BE20A1E6A4000C1AE2 /* Products */ = {
			isa = PBXGroup;
			children = (
				D417C7BD20A1E6A4000C1AE2 /* TraceUIExample.app */,
				D417C7D120A1E6A5000C1AE2 /* TraceUIExampleUITests.xctest */,
			);
			name = Products;
			sourceTree = "<group>";
		};
		D417C7BF20A1E6A4000C1AE2 /* TraceUIExample */ = {
			isa = PBXGroup;
			children = (
				D417C7C020A1E6A4000C1AE2 /* AppDelegate.swift */,
				D417C7C220A1E6A4000C1AE2 /* ViewController.swift */,
				D417C7C420A1E6A4000C1AE2 /* Main.storyboard */,
				D417C7C720A1E6A4000C1AE2 /* Assets.xcassets */,
				D417C7C920A1E6A4000C1AE2 /* LaunchScreen.storyboard */,
				D417C7CC20A1E6A4000C1AE2 /* Info.plist */,
			);
			path = TraceUIExample;
			sourceTree = "<group>";
		};
		D417C7D420A1E6A5000C1AE2 /* TraceUIExampleUITests */ = {
			isa = PBXGroup;
			children = (
				D417C7D520A1E6A5000C1AE2 /* TraceUIExampleUITests.swift */,
				D417C7D720A1E6A5000C1AE2 /* Info.plist */,
			);
			path = TraceUIExampleUITests;
			sourceTree = "<group>";
		};
/* End PBXGroup section */

/* Begin PBXNativeTarget section */
		D417C7BC20A1E6A4000C1AE2 /* TraceUIExample */ = {
			isa = PBXNativeTarget;
			buildConfigurationList = D417C7DA20A1E6A5000C1AE2 /* Build configuration list for PBXNativeTarget "TraceUIExample" */;
			buildPhases = (
				D417C7B920A1E6A4000C1AE2 /* Sources */,
				D417C7BA20A1E6A4000C1AE2 /* Frameworks */,
				D417C7BB20A1E6A4000C1AE2 /* Resources */,
				D417C7E720A1E7B2000C1AE2 /* Embed Frameworks */,
			);
			buildRules = (
			);
			dependencies = (
			);
			name = TraceUIExample;
			productName = TraceUIExample;
			productReference = D417C7BD20A1E6A4000C1AE2 /* TraceUIExample.app */;
			productType = "com.apple.product-type.application";
		};
		D417C7D020A1E6A5000C1AE2 /* TraceUIExampleUITests */ = {
			isa = PBXNativeTarget;
			buildConfigurationList = D417C7DD20A1E6A5000C1AE2 /* Build configuration list for PBXNativeTarget "TraceUIExampleUITests" */;
			buildPhases = (
				D417C7CD20A1E6A5000C1AE2 /* Sources */,
				D417C7CE20A1E6A5000C1AE2 /* Frameworks */,
				D417C7CF20A1E6A5000C1AE2 /* Resources */,
			);
			buildRules = (
			);
			dependencies = (
				D417C7D320A1E6A5000C1AE2 /* PBXTargetDependency */,
			);
			name = TraceUIExampleUITests;
			productName = TraceUIExampleUITests;
			productReference = D417C7D120A1E6A5000C1AE2 /* TraceUIExampleUITests.xctest */;
			productType = "com.apple.product-type.bundle.ui-testing";
		};
/* End PBXNativeTarget section */

/* Begin PBXProject section */
		D417C7B520A1E6A4000C1AE2 /* Project object */ = {
			isa = PBXProject;
			attributes = {
				LastSwiftUpdateCheck = 0930;
				LastUpgradeCheck = 0930;
				ORGANIZATIONNAME = "Keepsafe Inc.";
				TargetAttributes = {
					D417C7BC20A1E6A4000C1AE2 = {
						CreatedOnToolsVersion = 9.3;
					};
					D417C7D020A1E6A5000C1AE2 = {
						CreatedOnToolsVersion = 9.3;
						TestTargetID = D417C7BC20A1E6A4000C1AE2;
					};
				};
			};
			buildConfigurationList = D417C7B820A1E6A4000C1AE2 /* Build configuration list for PBXProject "TraceUIExample" */;
			compatibilityVersion = "Xcode 9.3";
			developmentRegion = en;
			hasScannedForEncodings = 0;
			knownRegions = (
				en,
				Base,
			);
			mainGroup = D417C7B420A1E6A4000C1AE2;
			productRefGroup = D417C7BE20A1E6A4000C1AE2 /* Products */;
			projectDirPath = "";
			projectRoot = "";
			targets = (
				D417C7BC20A1E6A4000C1AE2 /* TraceUIExample */,
				D417C7D020A1E6A5000C1AE2 /* TraceUIExampleUITests */,
			);
		};
/* End PBXProject section */

/* Begin PBXResourcesBuildPhase section */
		D417C7BB20A1E6A4000C1AE2 /* Resources */ = {
			isa = PBXResourcesBuildPhase;
			buildActionMask = 2147483647;
			files = (
				D417C7CB20A1E6A4000C1AE2 /* LaunchScreen.storyboard in Resources */,
				D417C7C820A1E6A4000C1AE2 /* Assets.xcassets in Resources */,
				D417C7C620A1E6A4000C1AE2 /* Main.storyboard in Resources */,
			);
			runOnlyForDeploymentPostprocessing = 0;
		};
		D417C7CF20A1E6A5000C1AE2 /* Resources */ = {
			isa = PBXResourcesBuildPhase;
			buildActionMask = 2147483647;
			files = (
			);
			runOnlyForDeploymentPostprocessing = 0;
		};
/* End PBXResourcesBuildPhase section */

/* Begin PBXSourcesBuildPhase section */
		D417C7B920A1E6A4000C1AE2 /* Sources */ = {
			isa = PBXSourcesBuildPhase;
			buildActionMask = 2147483647;
			files = (
				D417C7C320A1E6A4000C1AE2 /* ViewController.swift in Sources */,
				D417C7C120A1E6A4000C1AE2 /* AppDelegate.swift in Sources */,
			);
			runOnlyForDeploymentPostprocessing = 0;
		};
		D417C7CD20A1E6A5000C1AE2 /* Sources */ = {
			isa = PBXSourcesBuildPhase;
			buildActionMask = 2147483647;
			files = (
				D417C7D620A1E6A5000C1AE2 /* TraceUIExampleUITests.swift in Sources */,
			);
			runOnlyForDeploymentPostprocessing = 0;
		};
/* End PBXSourcesBuildPhase section */

/* Begin PBXTargetDependency section */
		D417C7D320A1E6A5000C1AE2 /* PBXTargetDependency */ = {
			isa = PBXTargetDependency;
			target = D417C7BC20A1E6A4000C1AE2 /* TraceUIExample */;
			targetProxy = D417C7D220A1E6A5000C1AE2 /* PBXContainerItemProxy */;
		};
/* End PBXTargetDependency section */

/* Begin PBXVariantGroup section */
		D417C7C420A1E6A4000C1AE2 /* Main.storyboard */ = {
			isa = PBXVariantGroup;
			children = (
				D417C7C520A1E6A4000C1AE2 /* Base */,
			);
			name = Main.storyboard;
			sourceTree = "<group>";
		};
		D417C7C920A1E6A4000C1AE2 /* LaunchScreen.storyboard */ = {
			isa = PBXVariantGroup;
			children = (
				D417C7CA20A1E6A4000C1AE2 /* Base */,
			);
			name = LaunchScreen.storyboard;
			sourceTree = "<group>";
		};
/* End PBXVariantGroup section */

/* Begin XCBuildConfiguration section */
		D417C7D820A1E6A5000C1AE2 /* Debug */ = {
			isa = XCBuildConfiguration;
			buildSettings = {
				ALWAYS_SEARCH_USER_PATHS = NO;
				CLANG_ANALYZER_NONNULL = YES;
				CLANG_ANALYZER_NUMBER_OBJECT_CONVERSION = YES_AGGRESSIVE;
				CLANG_CXX_LANGUAGE_STANDARD = "gnu++14";
				CLANG_CXX_LIBRARY = "libc++";
				CLANG_ENABLE_MODULES = YES;
				CLANG_ENABLE_OBJC_ARC = YES;
				CLANG_ENABLE_OBJC_WEAK = YES;
				CLANG_WARN_BLOCK_CAPTURE_AUTORELEASING = YES;
				CLANG_WARN_BOOL_CONVERSION = YES;
				CLANG_WARN_COMMA = YES;
				CLANG_WARN_CONSTANT_CONVERSION = YES;
				CLANG_WARN_DEPRECATED_OBJC_IMPLEMENTATIONS = YES;
				CLANG_WARN_DIRECT_OBJC_ISA_USAGE = YES_ERROR;
				CLANG_WARN_DOCUMENTATION_COMMENTS = YES;
				CLANG_WARN_EMPTY_BODY = YES;
				CLANG_WARN_ENUM_CONVERSION = YES;
				CLANG_WARN_INFINITE_RECURSION = YES;
				CLANG_WARN_INT_CONVERSION = YES;
				CLANG_WARN_NON_LITERAL_NULL_CONVERSION = YES;
				CLANG_WARN_OBJC_IMPLICIT_RETAIN_SELF = YES;
				CLANG_WARN_OBJC_LITERAL_CONVERSION = YES;
				CLANG_WARN_OBJC_ROOT_CLASS = YES_ERROR;
				CLANG_WARN_RANGE_LOOP_ANALYSIS = YES;
				CLANG_WARN_STRICT_PROTOTYPES = YES;
				CLANG_WARN_SUSPICIOUS_MOVE = YES;
				CLANG_WARN_UNGUARDED_AVAILABILITY = YES_AGGRESSIVE;
				CLANG_WARN_UNREACHABLE_CODE = YES;
				CLANG_WARN__DUPLICATE_METHOD_MATCH = YES;
				CODE_SIGN_IDENTITY = "iPhone Developer";
				COPY_PHASE_STRIP = NO;
				DEBUG_INFORMATION_FORMAT = dwarf;
				ENABLE_STRICT_OBJC_MSGSEND = YES;
				ENABLE_TESTABILITY = YES;
				GCC_C_LANGUAGE_STANDARD = gnu11;
				GCC_DYNAMIC_NO_PIC = NO;
				GCC_NO_COMMON_BLOCKS = YES;
				GCC_OPTIMIZATION_LEVEL = 0;
				GCC_PREPROCESSOR_DEFINITIONS = (
					"DEBUG=1",
					"$(inherited)",
				);
				GCC_WARN_64_TO_32_BIT_CONVERSION = YES;
				GCC_WARN_ABOUT_RETURN_TYPE = YES_ERROR;
				GCC_WARN_UNDECLARED_SELECTOR = YES;
				GCC_WARN_UNINITIALIZED_AUTOS = YES_AGGRESSIVE;
				GCC_WARN_UNUSED_FUNCTION = YES;
				GCC_WARN_UNUSED_VARIABLE = YES;
				IPHONEOS_DEPLOYMENT_TARGET = 11.3;
				MTL_ENABLE_DEBUG_INFO = YES;
				ONLY_ACTIVE_ARCH = YES;
				SDKROOT = iphoneos;
				SWIFT_ACTIVE_COMPILATION_CONDITIONS = DEBUG;
				SWIFT_OPTIMIZATION_LEVEL = "-Onone";
			};
			name = Debug;
		};
		D417C7D920A1E6A5000C1AE2 /* Release */ = {
			isa = XCBuildConfiguration;
			buildSettings = {
				ALWAYS_SEARCH_USER_PATHS = NO;
				CLANG_ANALYZER_NONNULL = YES;
				CLANG_ANALYZER_NUMBER_OBJECT_CONVERSION = YES_AGGRESSIVE;
				CLANG_CXX_LANGUAGE_STANDARD = "gnu++14";
				CLANG_CXX_LIBRARY = "libc++";
				CLANG_ENABLE_MODULES = YES;
				CLANG_ENABLE_OBJC_ARC = YES;
				CLANG_ENABLE_OBJC_WEAK = YES;
				CLANG_WARN_BLOCK_CAPTURE_AUTORELEASING = YES;
				CLANG_WARN_BOOL_CONVERSION = YES;
				CLANG_WARN_COMMA = YES;
				CLANG_WARN_CONSTANT_CONVERSION = YES;
				CLANG_WARN_DEPRECATED_OBJC_IMPLEMENTATIONS = YES;
				CLANG_WARN_DIRECT_OBJC_ISA_USAGE = YES_ERROR;
				CLANG_WARN_DOCUMENTATION_COMMENTS = YES;
				CLANG_WARN_EMPTY_BODY = YES;
				CLANG_WARN_ENUM_CONVERSION = YES;
				CLANG_WARN_INFINITE_RECURSION = YES;
				CLANG_WARN_INT_CONVERSION = YES;
				CLANG_WARN_NON_LITERAL_NULL_CONVERSION = YES;
				CLANG_WARN_OBJC_IMPLICIT_RETAIN_SELF = YES;
				CLANG_WARN_OBJC_LITERAL_CONVERSION = YES;
				CLANG_WARN_OBJC_ROOT_CLASS = YES_ERROR;
				CLANG_WARN_RANGE_LOOP_ANALYSIS = YES;
				CLANG_WARN_STRICT_PROTOTYPES = YES;
				CLANG_WARN_SUSPICIOUS_MOVE = YES;
				CLANG_WARN_UNGUARDED_AVAILABILITY = YES_AGGRESSIVE;
				CLANG_WARN_UNREACHABLE_CODE = YES;
				CLANG_WARN__DUPLICATE_METHOD_MATCH = YES;
				CODE_SIGN_IDENTITY = "iPhone Developer";
				COPY_PHASE_STRIP = NO;
				DEBUG_INFORMATION_FORMAT = "dwarf-with-dsym";
				ENABLE_NS_ASSERTIONS = NO;
				ENABLE_STRICT_OBJC_MSGSEND = YES;
				GCC_C_LANGUAGE_STANDARD = gnu11;
				GCC_NO_COMMON_BLOCKS = YES;
				GCC_WARN_64_TO_32_BIT_CONVERSION = YES;
				GCC_WARN_ABOUT_RETURN_TYPE = YES_ERROR;
				GCC_WARN_UNDECLARED_SELECTOR = YES;
				GCC_WARN_UNINITIALIZED_AUTOS = YES_AGGRESSIVE;
				GCC_WARN_UNUSED_FUNCTION = YES;
				GCC_WARN_UNUSED_VARIABLE = YES;
				IPHONEOS_DEPLOYMENT_TARGET = 11.3;
				MTL_ENABLE_DEBUG_INFO = NO;
				SDKROOT = iphoneos;
				SWIFT_COMPILATION_MODE = wholemodule;
				SWIFT_OPTIMIZATION_LEVEL = "-O";
				VALIDATE_PRODUCT = YES;
			};
			name = Release;
		};
		D417C7DB20A1E6A5000C1AE2 /* Debug */ = {
			isa = XCBuildConfiguration;
			buildSettings = {
				ASSETCATALOG_COMPILER_APPICON_NAME = AppIcon;
				CODE_SIGN_STYLE = Automatic;
				DEVELOPMENT_TEAM = 2RRZ76J46B;
				INFOPLIST_FILE = TraceUIExample/Info.plist;
				LD_RUNPATH_SEARCH_PATHS = (
					"$(inherited)",
					"@executable_path/Frameworks",
				);
				PRODUCT_BUNDLE_IDENTIFIER = com.keepsafe.TraceUIExample;
				PRODUCT_NAME = "$(TARGET_NAME)";
				SWIFT_VERSION = 4.0;
				TARGETED_DEVICE_FAMILY = "1,2";
			};
			name = Debug;
		};
		D417C7DC20A1E6A5000C1AE2 /* Release */ = {
			isa = XCBuildConfiguration;
			buildSettings = {
				ASSETCATALOG_COMPILER_APPICON_NAME = AppIcon;
				CODE_SIGN_STYLE = Automatic;
				DEVELOPMENT_TEAM = 2RRZ76J46B;
				INFOPLIST_FILE = TraceUIExample/Info.plist;
				LD_RUNPATH_SEARCH_PATHS = (
					"$(inherited)",
					"@executable_path/Frameworks",
				);
				PRODUCT_BUNDLE_IDENTIFIER = com.keepsafe.TraceUIExample;
				PRODUCT_NAME = "$(TARGET_NAME)";
				SWIFT_VERSION = 4.0;
				TARGETED_DEVICE_FAMILY = "1,2";
			};
			name = Release;
		};
		D417C7DE20A1E6A5000C1AE2 /* Debug */ = {
			isa = XCBuildConfiguration;
			buildSettings = {
				ALWAYS_EMBED_SWIFT_STANDARD_LIBRARIES = YES;
				CODE_SIGN_STYLE = Automatic;
				DEVELOPMENT_TEAM = 2RRZ76J46B;
				INFOPLIST_FILE = TraceUIExampleUITests/Info.plist;
				LD_RUNPATH_SEARCH_PATHS = (
					"$(inherited)",
					"@executable_path/Frameworks",
					"@loader_path/Frameworks",
				);
				PRODUCT_BUNDLE_IDENTIFIER = com.keepsafe.TraceUIExampleUITests;
				PRODUCT_NAME = "$(TARGET_NAME)";
				SWIFT_VERSION = 4.0;
				TARGETED_DEVICE_FAMILY = "1,2";
				TEST_TARGET_NAME = TraceUIExample;
			};
			name = Debug;
		};
		D417C7DF20A1E6A5000C1AE2 /* Release */ = {
			isa = XCBuildConfiguration;
			buildSettings = {
				ALWAYS_EMBED_SWIFT_STANDARD_LIBRARIES = YES;
				CODE_SIGN_STYLE = Automatic;
				DEVELOPMENT_TEAM = 2RRZ76J46B;
				INFOPLIST_FILE = TraceUIExampleUITests/Info.plist;
				LD_RUNPATH_SEARCH_PATHS = (
					"$(inherited)",
					"@executable_path/Frameworks",
					"@loader_path/Frameworks",
				);
				PRODUCT_BUNDLE_IDENTIFIER = com.keepsafe.TraceUIExampleUITests;
				PRODUCT_NAME = "$(TARGET_NAME)";
				SWIFT_VERSION = 4.0;
				TARGETED_DEVICE_FAMILY = "1,2";
				TEST_TARGET_NAME = TraceUIExample;
			};
			name = Release;
		};
/* End XCBuildConfiguration section */

/* Begin XCConfigurationList section */
		D417C7B820A1E6A4000C1AE2 /* Build configuration list for PBXProject "TraceUIExample" */ = {
			isa = XCConfigurationList;
			buildConfigurations = (
				D417C7D820A1E6A5000C1AE2 /* Debug */,
				D417C7D920A1E6A5000C1AE2 /* Release */,
			);
			defaultConfigurationIsVisible = 0;
			defaultConfigurationName = Release;
		};
		D417C7DA20A1E6A5000C1AE2 /* Build configuration list for PBXNativeTarget "TraceUIExample" */ = {
			isa = XCConfigurationList;
			buildConfigurations = (
				D417C7DB20A1E6A5000C1AE2 /* Debug */,
				D417C7DC20A1E6A5000C1AE2 /* Release */,
			);
			defaultConfigurationIsVisible = 0;
			defaultConfigurationName = Release;
		};
		D417C7DD20A1E6A5000C1AE2 /* Build configuration list for PBXNativeTarget "TraceUIExampleUITests" */ = {
			isa = XCConfigurationList;
			buildConfigurations = (
				D417C7DE20A1E6A5000C1AE2 /* Debug */,
				D417C7DF20A1E6A5000C1AE2 /* Release */,
			);
			defaultConfigurationIsVisible = 0;
			defaultConfigurationName = Release;
		};
/* End XCConfigurationList section */
	};
	rootObject = D417C7B520A1E6A4000C1AE2 /* Project object */;
}
